
Microsoft Visual Studio Solution File, Format Version 12.00
# Visual Studio 2013
VisualStudioVersion = 12.0.40629.0
MinimumVisualStudioVersion = 10.0.40219.1
Project("{8BC9CEB8-8B4A-11D0-8D11-00A0C91BC942}") = "HumanDetection", "HumanDetection\HumanDetection.vcxproj", "{2306D2CE-0AB1-4262-BC0A-F130423A7590}"
EndProject
Project("{8BC9CEB8-8B4A-11D0-8D11-00A0C91BC942}") = "CropImage", "CropImage\CropImage.vcxproj", "{A56CD81A-7E72-4EF1-943A-FF006B1CA21F}"
EndProject
Project("{8BC9CEB8-8B4A-11D0-8D11-00A0C91BC942}") = "SvmTrainUseHog", "SvmTrainUseHog\SvmTrainUseHog.vcxproj", "{753E1A98-64FA-41E7-91D6-6DAC8F9AD9ED}"
EndProject
Project("{8BC9CEB8-8B4A-11D0-8D11-00A0C91BC942}") = "HardExample", "HardExample\HardExample.vcxproj", "{2ADF7774-16EA-4D67-A191-C5E6DDCF8508}"
EndProject
Global
	GlobalSection(SolutionConfigurationPlatforms) = preSolution
		Debug|Mixed Platforms = Debug|Mixed Platforms
		Debug|Win32 = Debug|Win32
		Debug|x64 = Debug|x64
		Release|Mixed Platforms = Release|Mixed Platforms
		Release|Win32 = Release|Win32
		Release|x64 = Release|x64
	EndGlobalSection
	GlobalSection(ProjectConfigurationPlatforms) = postSolution
		{2306D2CE-0AB1-4262-BC0A-F130423A7590}.Debug|Mixed Platforms.ActiveCfg = Debug|Win32
		{2306D2CE-0AB1-4262-BC0A-F130423A7590}.Debug|Mixed Platforms.Build.0 = Debug|Win32
		{2306D2CE-0AB1-4262-BC0A-F130423A7590}.Debug|Win32.ActiveCfg = Debug|Win32
		{2306D2CE-0AB1-4262-BC0A-F130423A7590}.Debug|Win32.Build.0 = Debug|Win32
		{2306D2CE-0AB1-4262-BC0A-F130423A7590}.Debug|x64.ActiveCfg = Debug|x64
		{2306D2CE-0AB1-4262-BC0A-F130423A7590}.Debug|x64.Build.0 = Debug|x64
		{2306D2CE-0AB1-4262-BC0A-F130423A7590}.Release|Mixed Platforms.ActiveCfg = Release|Win32
		{2306D2CE-0AB1-4262-BC0A-F130423A7590}.Release|Mixed Platforms.Build.0 = Release|Win32
		{2306D2CE-0AB1-4262-BC0A-F130423A7590}.Release|Win32.ActiveCfg = Release|Win32
		{2306D2CE-0AB1-4262-BC0A-F130423A7590}.Release|Win32.Build.0 = Release|Win32
		{2306D2CE-0AB1-4262-BC0A-F130423A7590}.Release|x64.ActiveCfg = Release|x64
		{2306D2CE-0AB1-4262-BC0A-F130423A7590}.Release|x64.Build.0 = Release|x64
		{A56CD81A-7E72-4EF1-943A-FF006B1CA21F}.Debug|Mixed Platforms.ActiveCfg = Debug|Win32
		{A56CD81A-7E72-4EF1-943A-FF006B1CA21F}.Debug|Mixed Platforms.Build.0 = Debug|Win32
		{A56CD81A-7E72-4EF1-943A-FF006B1CA21F}.Debug|Win32.ActiveCfg = Debug|Win32
		{A56CD81A-7E72-4EF1-943A-FF006B1CA21F}.Debug|Win32.Build.0 = Debug|Win32
		{A56CD81A-7E72-4EF1-943A-FF006B1CA21F}.Debug|x64.ActiveCfg = Debug|x64
		{A56CD81A-7E72-4EF1-943A-FF006B1CA21F}.Debug|x64.Build.0 = Debug|x64
		{A56CD81A-7E72-4EF1-943A-FF006B1CA21F}.Release|Mixed Platforms.ActiveCfg = Release|Win32
		{A56CD81A-7E72-4EF1-943A-FF006B1CA21F}.Release|Mixed Platforms.Build.0 = Release|Win32
		{A56CD81A-7E72-4EF1-943A-FF006B1CA21F}.Release|Win32.ActiveCfg = Release|Win32
		{A56CD81A-7E72-4EF1-943A-FF006B1CA21F}.Release|Win32.Build.0 = Release|Win32
		{A56CD81A-7E72-4EF1-943A-FF006B1CA21F}.Release|x64.ActiveCfg = Release|x64
		{A56CD81A-7E72-4EF1-943A-FF006B1CA21F}.Release|x64.Build.0 = Release|x64
		{753E1A98-64FA-41E7-91D6-6DAC8F9AD9ED}.Debug|Mixed Platforms.ActiveCfg = Debug|Win32
		{753E1A98-64FA-41E7-91D6-6DAC8F9AD9ED}.Debug|Mixed Platforms.Build.0 = Debug|Win32
		{753E1A98-64FA-41E7-91D6-6DAC8F9AD9ED}.Debug|Win32.ActiveCfg = Debug|Win32
		{753E1A98-64FA-41E7-91D6-6DAC8F9AD9ED}.Debug|Win32.Build.0 = Debug|Win32
		{753E1A98-64FA-41E7-91D6-6DAC8F9AD9ED}.Debug|x64.ActiveCfg = Debug|x64
		{753E1A98-64FA-41E7-91D6-6DAC8F9AD9ED}.Debug|x64.Build.0 = Debug|x64
		{753E1A98-64FA-41E7-91D6-6DAC8F9AD9ED}.Release|Mixed Platforms.ActiveCfg = Release|Win32
		{753E1A98-64FA-41E7-91D6-6DAC8F9AD9ED}.Release|Mixed Platforms.Build.0 = Release|Win32
		{753E1A98-64FA-41E7-91D6-6DAC8F9AD9ED}.Release|Win32.ActiveCfg = Release|Win32
		{753E1A98-64FA-41E7-91D6-6DAC8F9AD9ED}.Release|Win32.Build.0 = Release|Win32
		{753E1A98-64FA-41E7-91D6-6DAC8F9AD9ED}.Release|x64.ActiveCfg = Release|x64
		{753E1A98-64FA-41E7-91D6-6DAC8F9AD9ED}.Release|x64.Build.0 = Release|x64
		{2ADF7774-16EA-4D67-A191-C5E6DDCF8508}.Debug|Mixed Platforms.ActiveCfg = Debug|Win32
		{2ADF7774-16EA-4D67-A191-C5E6DDCF8508}.Debug|Mixed Platforms.Build.0 = Debug|Win32
		{2ADF7774-16EA-4D67-A191-C5E6DDCF8508}.Debug|Win32.ActiveCfg = Debug|Win32
		{2ADF7774-16EA-4D67-A191-C5E6DDCF8508}.Debug|Win32.Build.0 = Debug|Win32
		{2ADF7774-16EA-4D67-A191-C5E6DDCF8508}.Debug|x64.ActiveCfg = Debug|x64
		{2ADF7774-16EA-4D67-A191-C5E6DDCF8508}.Debug|x64.Build.0 = Debug|x64
		{2ADF7774-16EA-4D67-A191-C5E6DDCF8508}.Release|Mixed Platforms.ActiveCfg = Release|Win32
		{2ADF7774-16EA-4D67-A191-C5E6DDCF8508}.Release|Mixed Platforms.Build.0 = Release|Win32
		{2ADF7774-16EA-4D67-A191-C5E6DDCF8508}.Release|Win32.ActiveCfg = Release|Win32
		{2ADF7774-16EA-4D67-A191-C5E6DDCF8508}.Release|Win32.Build.0 = Release|Win32
		{2ADF7774-16EA-4D67-A191-C5E6DDCF8508}.Release|x64.ActiveCfg = Release|x64
		{2ADF7774-16EA-4D67-A191-C5E6DDCF8508}.Release|x64.Build.0 = Release|x64
	EndGlobalSection
	GlobalSection(SolutionProperties) = preSolution
		HideSolutionNode = FALSE
	EndGlobalSection
EndGlobal
